
Microsoft Visual Studio Solution File, Format Version 12.00
# Visual Studio 15
VisualStudioVersion = 15.0.28010.2046
MinimumVisualStudioVersion = 10.0.40219.1
Project("{8BC9CEB8-8B4A-11D0-8D11-00A0C91BC942}") = "LNRisk.Test", "LNRisk.Test\LNRisk.Test.vcxproj", "{6DA6CAF9-9B31-4B64-8321-A163D144713E}"
EndProject
Global
	GlobalSection(SolutionConfigurationPlatforms) = preSolution
		Debug|x64 = Debug|x64
		Debug|x86 = Debug|x86
		Release|x64 = Release|x64
		Release|x86 = Release|x86
	EndGlobalSection
	GlobalSection(ProjectConfigurationPlatforms) = postSolution
		{6DA6CAF9-9B31-4B64-8321-A163D144713E}.Debug|x64.ActiveCfg = Debug|x64
		{6DA6CAF9-9B31-4B64-8321-A163D144713E}.Debug|x64.Build.0 = Debug|x64
		{6DA6CAF9-9B31-4B64-8321-A163D144713E}.Debug|x86.ActiveCfg = Debug|Win32
		{6DA6CAF9-9B31-4B64-8321-A163D144713E}.Debug|x86.Build.0 = Debug|Win32
		{6DA6CAF9-9B31-4B64-8321-A163D144713E}.Release|x64.ActiveCfg = Release|x64
		{6DA6CAF9-9B31-4B64-8321-A163D144713E}.Release|x64.Build.0 = Release|x64
		{6DA6CAF9-9B31-4B64-8321-A163D144713E}.Release|x86.ActiveCfg = Release|Win32
		{6DA6CAF9-9B31-4B64-8321-A163D144713E}.Release|x86.Build.0 = Release|Win32
	EndGlobalSection
	GlobalSection(SolutionProperties) = preSolution
		HideSolutionNode = FALSE
	EndGlobalSection
	GlobalSection(ExtensibilityGlobals) = postSolution
		SolutionGuid = {0827418A-FB3C-4C8B-A80D-6DB9D2F063F5}
	EndGlobalSection
EndGlobal
