
Microsoft Visual Studio Solution File, Format Version 12.00
# Visual Studio 15
VisualStudioVersion = 15.0.28010.2046
MinimumVisualStudioVersion = 10.0.40219.1
Project("{FAE04EC0-301F-11D3-BF4B-00C04F79EFBC}") = "LNRisk.Test.Domain", "LNRisk.Test.Domain\LNRisk.Test.Domain.csproj", "{9BE4E0CF-D9EB-4641-BFB3-6ACF5CB284EA}"
EndProject
Project("{FAE04EC0-301F-11D3-BF4B-00C04F79EFBC}") = "LNRisk.Test.Business", "LNRisk.Test.Business\LNRisk.Test.Business.csproj", "{1C8B6801-3062-4879-A386-1BDD42EA8C5D}"
EndProject
Project("{FAE04EC0-301F-11D3-BF4B-00C04F79EFBC}") = "LNRisk.Test.ConsoleTest", "LNRisk.Test.ConsoleTest\LNRisk.Test.ConsoleTest.csproj", "{977F60C4-37D2-4BF7-8117-8A2B9F234357}"
EndProject
Global
	GlobalSection(SolutionConfigurationPlatforms) = preSolution
		Debug|Any CPU = Debug|Any CPU
		Release|Any CPU = Release|Any CPU
	EndGlobalSection
	GlobalSection(ProjectConfigurationPlatforms) = postSolution
		{9BE4E0CF-D9EB-4641-BFB3-6ACF5CB284EA}.Debug|Any CPU.ActiveCfg = Debug|Any CPU
		{9BE4E0CF-D9EB-4641-BFB3-6ACF5CB284EA}.Debug|Any CPU.Build.0 = Debug|Any CPU
		{9BE4E0CF-D9EB-4641-BFB3-6ACF5CB284EA}.Release|Any CPU.ActiveCfg = Release|Any CPU
		{9BE4E0CF-D9EB-4641-BFB3-6ACF5CB284EA}.Release|Any CPU.Build.0 = Release|Any CPU
		{1C8B6801-3062-4879-A386-1BDD42EA8C5D}.Debug|Any CPU.ActiveCfg = Debug|Any CPU
		{1C8B6801-3062-4879-A386-1BDD42EA8C5D}.Debug|Any CPU.Build.0 = Debug|Any CPU
		{1C8B6801-3062-4879-A386-1BDD42EA8C5D}.Release|Any CPU.ActiveCfg = Release|Any CPU
		{1C8B6801-3062-4879-A386-1BDD42EA8C5D}.Release|Any CPU.Build.0 = Release|Any CPU
		{977F60C4-37D2-4BF7-8117-8A2B9F234357}.Debug|Any CPU.ActiveCfg = Debug|Any CPU
		{977F60C4-37D2-4BF7-8117-8A2B9F234357}.Debug|Any CPU.Build.0 = Debug|Any CPU
		{977F60C4-37D2-4BF7-8117-8A2B9F234357}.Release|Any CPU.ActiveCfg = Release|Any CPU
		{977F60C4-37D2-4BF7-8117-8A2B9F234357}.Release|Any CPU.Build.0 = Release|Any CPU
	EndGlobalSection
	GlobalSection(SolutionProperties) = preSolution
		HideSolutionNode = FALSE
	EndGlobalSection
	GlobalSection(ExtensibilityGlobals) = postSolution
		SolutionGuid = {0827418A-FB3C-4C8B-A80D-6DB9D2F063F5}
	EndGlobalSection
EndGlobal
